
Microsoft Visual Studio Solution File, Format Version 12.00
# Visual Studio Version 17
VisualStudioVersion = 17.4.33403.182
MinimumVisualStudioVersion = 10.0.40219.1
Project("{FAE04EC0-301F-11D3-BF4B-00C04F79EFBC}") = "cnArticulo", "cnArticulo\cnArticulo.csproj", "{95195C7D-1A34-447D-846F-61D640362639}"
EndProject
Global
	GlobalSection(SolutionConfigurationPlatforms) = preSolution
		Debug|Any CPU = Debug|Any CPU
		Release|Any CPU = Release|Any CPU
	EndGlobalSection
	GlobalSection(ProjectConfigurationPlatforms) = postSolution
		{95195C7D-1A34-447D-846F-61D640362639}.Debug|Any CPU.ActiveCfg = Debug|Any CPU
		{95195C7D-1A34-447D-846F-61D640362639}.Debug|Any CPU.Build.0 = Debug|Any CPU
		{95195C7D-1A34-447D-846F-61D640362639}.Release|Any CPU.ActiveCfg = Release|Any CPU
		{95195C7D-1A34-447D-846F-61D640362639}.Release|Any CPU.Build.0 = Release|Any CPU
	EndGlobalSection
	GlobalSection(SolutionProperties) = preSolution
		HideSolutionNode = FALSE
	EndGlobalSection
	GlobalSection(ExtensibilityGlobals) = postSolution
		SolutionGuid = {1DDE60B7-F5FC-47AF-B2C1-F9D920EE9DDF}
	EndGlobalSection
EndGlobal
