
Microsoft Visual Studio Solution File, Format Version 12.00
# Visual Studio Version 17
VisualStudioVersion = 17.4.33403.182
MinimumVisualStudioVersion = 10.0.40219.1
Project("{FAE04EC0-301F-11D3-BF4B-00C04F79EFBC}") = "cnArticles", "cnArticles\cnArticles.csproj", "{AAFFE50B-80B0-4AED-B2FA-FBD1BE732FFC}"
EndProject
Global
	GlobalSection(SolutionConfigurationPlatforms) = preSolution
		Debug|Any CPU = Debug|Any CPU
		Release|Any CPU = Release|Any CPU
	EndGlobalSection
	GlobalSection(ProjectConfigurationPlatforms) = postSolution
		{AAFFE50B-80B0-4AED-B2FA-FBD1BE732FFC}.Debug|Any CPU.ActiveCfg = Debug|Any CPU
		{AAFFE50B-80B0-4AED-B2FA-FBD1BE732FFC}.Debug|Any CPU.Build.0 = Debug|Any CPU
		{AAFFE50B-80B0-4AED-B2FA-FBD1BE732FFC}.Release|Any CPU.ActiveCfg = Release|Any CPU
		{AAFFE50B-80B0-4AED-B2FA-FBD1BE732FFC}.Release|Any CPU.Build.0 = Release|Any CPU
	EndGlobalSection
	GlobalSection(SolutionProperties) = preSolution
		HideSolutionNode = FALSE
	EndGlobalSection
	GlobalSection(ExtensibilityGlobals) = postSolution
		SolutionGuid = {79BB8D4B-72A3-47E2-9A55-1D7C8344168B}
	EndGlobalSection
EndGlobal
